
Microsoft Visual Studio Solution File, Format Version 12.00
# Visual Studio 2013
VisualStudioVersion = 12.0.30723.0
MinimumVisualStudioVersion = 10.0.40219.1
Project("{8BC9CEB8-8B4A-11D0-8D11-00A0C91BC942}") = "TransE", "TransE\TransE.vcxproj", "{F2E89DBD-4860-49B5-8020-EDC4A992C893}"
EndProject
Project("{8BC9CEB8-8B4A-11D0-8D11-00A0C91BC942}") = "TransH", "TransH\TransH.vcxproj", "{AE4703F6-BDC8-4F4D-BF80-CC8DB26B40C9}"
EndProject
Project("{8BC9CEB8-8B4A-11D0-8D11-00A0C91BC942}") = "PTransE", "PTransE\PTransE.vcxproj", "{2CABFB4D-8FF5-4154-B3B7-00C8CFD60E8B}"
EndProject
Project("{8BC9CEB8-8B4A-11D0-8D11-00A0C91BC942}") = "TransEM", "TransEM\TransEM.vcxproj", "{73DA57FB-CF88-46E9-8AC0-DDF2C93BC9E7}"
EndProject
Project("{8BC9CEB8-8B4A-11D0-8D11-00A0C91BC942}") = "Train_TransE", "Train_TransE\Train_TransE.vcxproj", "{3BB10FF1-964A-4589-8AE2-B81D653D99DB}"
EndProject
Project("{8BC9CEB8-8B4A-11D0-8D11-00A0C91BC942}") = "Train_TransH", "Train_TransH\Train_TransH.vcxproj", "{F38B0319-CE12-4B60-A1C5-540FF167D883}"
EndProject
Project("{8BC9CEB8-8B4A-11D0-8D11-00A0C91BC942}") = "Train_TransR", "Train_TransR\Train_TransR.vcxproj", "{4FFA092F-E940-426A-8937-FDDED9D85AA3}"
EndProject
Project("{8BC9CEB8-8B4A-11D0-8D11-00A0C91BC942}") = "TransET", "TransET\TransET.vcxproj", "{E86756F7-3B7F-4E30-972D-7964D5078319}"
EndProject
Global
	GlobalSection(SolutionConfigurationPlatforms) = preSolution
		Debug|Win32 = Debug|Win32
		Release|Win32 = Release|Win32
	EndGlobalSection
	GlobalSection(ProjectConfigurationPlatforms) = postSolution
		{F2E89DBD-4860-49B5-8020-EDC4A992C893}.Debug|Win32.ActiveCfg = Debug|Win32
		{F2E89DBD-4860-49B5-8020-EDC4A992C893}.Debug|Win32.Build.0 = Debug|Win32
		{F2E89DBD-4860-49B5-8020-EDC4A992C893}.Release|Win32.ActiveCfg = Release|Win32
		{F2E89DBD-4860-49B5-8020-EDC4A992C893}.Release|Win32.Build.0 = Release|Win32
		{AE4703F6-BDC8-4F4D-BF80-CC8DB26B40C9}.Debug|Win32.ActiveCfg = Debug|Win32
		{AE4703F6-BDC8-4F4D-BF80-CC8DB26B40C9}.Debug|Win32.Build.0 = Debug|Win32
		{AE4703F6-BDC8-4F4D-BF80-CC8DB26B40C9}.Release|Win32.ActiveCfg = Release|Win32
		{AE4703F6-BDC8-4F4D-BF80-CC8DB26B40C9}.Release|Win32.Build.0 = Release|Win32
		{2CABFB4D-8FF5-4154-B3B7-00C8CFD60E8B}.Debug|Win32.ActiveCfg = Debug|Win32
		{2CABFB4D-8FF5-4154-B3B7-00C8CFD60E8B}.Debug|Win32.Build.0 = Debug|Win32
		{2CABFB4D-8FF5-4154-B3B7-00C8CFD60E8B}.Release|Win32.ActiveCfg = Release|Win32
		{2CABFB4D-8FF5-4154-B3B7-00C8CFD60E8B}.Release|Win32.Build.0 = Release|Win32
		{73DA57FB-CF88-46E9-8AC0-DDF2C93BC9E7}.Debug|Win32.ActiveCfg = Debug|Win32
		{73DA57FB-CF88-46E9-8AC0-DDF2C93BC9E7}.Debug|Win32.Build.0 = Debug|Win32
		{73DA57FB-CF88-46E9-8AC0-DDF2C93BC9E7}.Release|Win32.ActiveCfg = Release|Win32
		{73DA57FB-CF88-46E9-8AC0-DDF2C93BC9E7}.Release|Win32.Build.0 = Release|Win32
		{3BB10FF1-964A-4589-8AE2-B81D653D99DB}.Debug|Win32.ActiveCfg = Debug|Win32
		{3BB10FF1-964A-4589-8AE2-B81D653D99DB}.Debug|Win32.Build.0 = Debug|Win32
		{3BB10FF1-964A-4589-8AE2-B81D653D99DB}.Release|Win32.ActiveCfg = Release|Win32
		{3BB10FF1-964A-4589-8AE2-B81D653D99DB}.Release|Win32.Build.0 = Release|Win32
		{F38B0319-CE12-4B60-A1C5-540FF167D883}.Debug|Win32.ActiveCfg = Debug|Win32
		{F38B0319-CE12-4B60-A1C5-540FF167D883}.Debug|Win32.Build.0 = Debug|Win32
		{F38B0319-CE12-4B60-A1C5-540FF167D883}.Release|Win32.ActiveCfg = Release|Win32
		{F38B0319-CE12-4B60-A1C5-540FF167D883}.Release|Win32.Build.0 = Release|Win32
		{4FFA092F-E940-426A-8937-FDDED9D85AA3}.Debug|Win32.ActiveCfg = Debug|Win32
		{4FFA092F-E940-426A-8937-FDDED9D85AA3}.Debug|Win32.Build.0 = Debug|Win32
		{4FFA092F-E940-426A-8937-FDDED9D85AA3}.Release|Win32.ActiveCfg = Release|Win32
		{4FFA092F-E940-426A-8937-FDDED9D85AA3}.Release|Win32.Build.0 = Release|Win32
		{E86756F7-3B7F-4E30-972D-7964D5078319}.Debug|Win32.ActiveCfg = Debug|Win32
		{E86756F7-3B7F-4E30-972D-7964D5078319}.Debug|Win32.Build.0 = Debug|Win32
		{E86756F7-3B7F-4E30-972D-7964D5078319}.Release|Win32.ActiveCfg = Release|Win32
		{E86756F7-3B7F-4E30-972D-7964D5078319}.Release|Win32.Build.0 = Release|Win32
	EndGlobalSection
	GlobalSection(SolutionProperties) = preSolution
		HideSolutionNode = FALSE
	EndGlobalSection
EndGlobal
